
Microsoft Visual Studio Solution File, Format Version 12.00
# Visual Studio Version 16
VisualStudioVersion = 16.0.31321.278
MinimumVisualStudioVersion = 10.0.40219.1
Project("{FAE04EC0-301F-11D3-BF4B-00C04F79EFBC}") = "ManuelBelgrano.Truco", "ManuelBelgrano.Truco\ManuelBelgrano.Truco.csproj", "{341FBA0A-9D67-4A3C-82BB-906C3E5B7819}"
EndProject
Global
	GlobalSection(SolutionConfigurationPlatforms) = preSolution
		Debug|Any CPU = Debug|Any CPU
		Release|Any CPU = Release|Any CPU
	EndGlobalSection
	GlobalSection(ProjectConfigurationPlatforms) = postSolution
		{341FBA0A-9D67-4A3C-82BB-906C3E5B7819}.Debug|Any CPU.ActiveCfg = Debug|Any CPU
		{341FBA0A-9D67-4A3C-82BB-906C3E5B7819}.Debug|Any CPU.Build.0 = Debug|Any CPU
		{341FBA0A-9D67-4A3C-82BB-906C3E5B7819}.Release|Any CPU.ActiveCfg = Release|Any CPU
		{341FBA0A-9D67-4A3C-82BB-906C3E5B7819}.Release|Any CPU.Build.0 = Release|Any CPU
	EndGlobalSection
	GlobalSection(SolutionProperties) = preSolution
		HideSolutionNode = FALSE
	EndGlobalSection
	GlobalSection(ExtensibilityGlobals) = postSolution
		SolutionGuid = {A5931942-89EA-4092-95A7-C3140CA55228}
	EndGlobalSection
EndGlobal
